# THIS IS AN AUTOGENERATED FILE. DO NOT EDIT THIS FILE DIRECTLY.
# yarn lockfile v1


"@esbuild/linux-x64@0.28.1":
  version "0.28.1"
  resolved "https://registry.npmjs.org/@esbuild/linux-x64/-/linux-x64-0.28.1.tgz"
  integrity sha512-u/anNYF2mmVOEDwLtnQ1wOr3EZ9sTNGLWrsYGYwHWzGA3Si84IOkHXlbWTD1NB+9/1lcnweYKO54uhxZydNzfA==

"@types/fluent-ffmpeg@^2.1.24":
  version "2.1.28"
  resolved "https://registry.npmjs.org/@types/fluent-ffmpeg/-/fluent-ffmpeg-2.1.28.tgz"
  integrity sha512-5ovxsDwBcPfJ+eYs1I/ZpcYCnkce7pvH9AHSvrZllAp1ZPpTRDZAFjF3TRFbukxSgIYTTNYePbS0rKUmaxVbXw==
  dependencies:
    "@types/node" "*"

"@types/node@*":
  version "26.1.1"
  resolved "https://registry.npmjs.org/@types/node/-/node-26.1.1.tgz"
  integrity sha512-nxAkRSVkN1Y0JC1W8ky/fTfkGsMmcrRsbx+3XoZE+rMOX71kLYTV7fLXpqud1GpbpP5TuffXFqfX7fH2GgZREw==
  dependencies:
    undici-types "~8.3.0"

"@types/node@^20.14.0":
  version "20.19.43"
  resolved "https://registry.npmjs.org/@types/node/-/node-20.19.43.tgz"
  integrity sha512-6oYBAi5ikg4Pl+kGsoYtawUMBT2zZMCvPNF7pVLnHZfd1zf38DRiWn/gT01RYCdUqkv7Fhr+C9ot4/tb+2sVvA==
  dependencies:
    undici-types "~6.21.0"

async@^0.2.9:
  version "0.2.10"
  resolved "https://registry.npmjs.org/async/-/async-0.2.10.tgz"
  integrity sha512-eAkdoKxU6/LkKDBzLpT+t6Ff5EtfSF4wx1WfJiPEEV7WNLnDaRXk0oVysiEPm262roaachGexwUv94WhSgN5TQ==

data-uri-to-buffer@^4.0.0:
  version "4.0.1"
  resolved "https://registry.npmjs.org/data-uri-to-buffer/-/data-uri-to-buffer-4.0.1.tgz"
  integrity sha512-0R9ikRb668HB7QDxT1vkpuUBtqc53YyAwMwGeUFKRojY/NWKvdZ+9UYtRfGmhqNbRkTSVpMbmyhXipFFv2cb/A==

dotenv@^16.4.5:
  version "16.6.1"
  resolved "https://registry.npmjs.org/dotenv/-/dotenv-16.6.1.tgz"
  integrity sha512-uBq4egWHTcTt33a72vpSG0z3HnPuIl6NqYcTrKEg2azoEyl2hpW0zqlxysq2pK9HlDIHyHyakeYaYnSAwd8bow==

esbuild@~0.28.0:
  version "0.28.1"
  resolved "https://registry.npmjs.org/esbuild/-/esbuild-0.28.1.tgz"
  integrity sha512-HrJrvZv5ayxBzPfwphOoNzkzOIIlifzk0KJrGK2c8R4+LKpMtpYLQeUdjnwjWv/LZlkH2laZk+4w78pi99D4Vw==
  optionalDependencies:
    "@esbuild/aix-ppc64" "0.28.1"
    "@esbuild/android-arm" "0.28.1"
    "@esbuild/android-arm64" "0.28.1"
    "@esbuild/android-x64" "0.28.1"
    "@esbuild/darwin-arm64" "0.28.1"
    "@esbuild/darwin-x64" "0.28.1"
    "@esbuild/freebsd-arm64" "0.28.1"
    "@esbuild/freebsd-x64" "0.28.1"
    "@esbuild/linux-arm" "0.28.1"
    "@esbuild/linux-arm64" "0.28.1"
    "@esbuild/linux-ia32" "0.28.1"
    "@esbuild/linux-loong64" "0.28.1"
    "@esbuild/linux-mips64el" "0.28.1"
    "@esbuild/linux-ppc64" "0.28.1"
    "@esbuild/linux-riscv64" "0.28.1"
    "@esbuild/linux-s390x" "0.28.1"
    "@esbuild/linux-x64" "0.28.1"
    "@esbuild/netbsd-arm64" "0.28.1"
    "@esbuild/netbsd-x64" "0.28.1"
    "@esbuild/openbsd-arm64" "0.28.1"
    "@esbuild/openbsd-x64" "0.28.1"
    "@esbuild/openharmony-arm64" "0.28.1"
    "@esbuild/sunos-x64" "0.28.1"
    "@esbuild/win32-arm64" "0.28.1"
    "@esbuild/win32-ia32" "0.28.1"
    "@esbuild/win32-x64" "0.28.1"

fetch-blob@^3.1.2, fetch-blob@^3.1.4:
  version "3.2.0"
  resolved "https://registry.npmjs.org/fetch-blob/-/fetch-blob-3.2.0.tgz"
  integrity sha512-7yAQpD2UMJzLi1Dqv7qFYnPbaPx7ZfFK6PiIxQ4PfkGPyNyl2Ugx+a/umUonmKqjhM4DnfbMvdX6otXq83soQQ==
  dependencies:
    node-domexception "^1.0.0"
    web-streams-polyfill "^3.0.3"

fluent-ffmpeg@^2.1.2:
  version "2.1.3"
  resolved "https://registry.npmjs.org/fluent-ffmpeg/-/fluent-ffmpeg-2.1.3.tgz"
  integrity sha512-Be3narBNt2s6bsaqP6Jzq91heDgOEaDCJAXcE3qcma/EJBSy5FB4cvO31XBInuAuKBx8Kptf8dkhjK0IOru39Q==
  dependencies:
    async "^0.2.9"
    which "^1.1.1"

formdata-polyfill@^4.0.10:
  version "4.0.10"
  resolved "https://registry.npmjs.org/formdata-polyfill/-/formdata-polyfill-4.0.10.tgz"
  integrity sha512-buewHzMvYL29jdeQTVILecSaZKnt/RJWjoZCF5OW60Z67/GmSLBkOFM7qh1PI3zFNtJbaZL5eQu1vLfazOwj4g==
  dependencies:
    fetch-blob "^3.1.2"

isexe@^2.0.0:
  version "2.0.0"
  resolved "https://registry.npmjs.org/isexe/-/isexe-2.0.0.tgz"
  integrity sha512-RHxMLp9lnKHGHRng9QFhRCMbYAcVpn69smSGcq3f36xjgVVWThj4qqLbTLlq7Ssj8B+fIQ1EuCEGI2lKsyQeIw==

node-domexception@^1.0.0:
  version "1.0.0"
  resolved "https://registry.npmjs.org/node-domexception/-/node-domexception-1.0.0.tgz"
  integrity sha512-/jKZoMpw0F8GRwl4/eLROPA3cfcXtLApP0QzLmUT/HuPCZWyB7IY9ZrMeKw2O/nFIqPQB3PVM9aYm0F312AXDQ==

node-fetch@^3.3.2:
  version "3.3.2"
  resolved "https://registry.npmjs.org/node-fetch/-/node-fetch-3.3.2.tgz"
  integrity sha512-dRB78srN/l6gqWulah9SrxeYnxeddIG30+GOqK/9OlLVyLg3HPnr6SqOWTWOXKRwC2eGYCkZ59NNuSgvSrpgOA==
  dependencies:
    data-uri-to-buffer "^4.0.0"
    fetch-blob "^3.1.4"
    formdata-polyfill "^4.0.10"

tsx@^4.16.0:
  version "4.23.1"
  resolved "https://registry.npmjs.org/tsx/-/tsx-4.23.1.tgz"
  integrity sha512-GQHnkIfxyx1wYCOS/wonik5MVRZU9hi1TEZmzGZSCJB1y9YgoZ8H6itNE/u4suE+yLmOzuE4E5S4TZ/ZX2wcWQ==
  dependencies:
    esbuild "~0.28.0"
  optionalDependencies:
    fsevents "~2.3.3"

typescript@^5.5.0:
  version "5.9.3"
  resolved "https://registry.npmjs.org/typescript/-/typescript-5.9.3.tgz"
  integrity sha512-jl1vZzPDinLr9eUt3J/t7V6FgNEw9QjvBPdysz9KfQDD41fQrC2Y4vKQdiaUpFT4bXlb1RHhLpp8wtm6M5TgSw==

undici-types@~6.21.0:
  version "6.21.0"
  resolved "https://registry.npmjs.org/undici-types/-/undici-types-6.21.0.tgz"
  integrity sha512-iwDZqg0QAGrg9Rav5H4n0M64c3mkR59cJ6wQp+7C4nI0gsmExaedaYLNO44eT4AtBBwjbTiGPMlt2Md0T9H9JQ==

undici-types@~8.3.0:
  version "8.3.0"
  resolved "https://registry.npmjs.org/undici-types/-/undici-types-8.3.0.tgz"
  integrity sha512-j375ScV60dom+YkPFIfTLcOiPxkN/buHz5GobjLhixFuANaNs3C9l4GmrWqejgXWJ7BbJcFYpTEUkS1Ge8bpZQ==

web-streams-polyfill@^3.0.3:
  version "3.3.3"
  resolved "https://registry.npmjs.org/web-streams-polyfill/-/web-streams-polyfill-3.3.3.tgz"
  integrity sha512-d2JWLCivmZYTSIoge9MsgFCZrt571BikcWGYkjC1khllbTeDlGqZ2D8vD8E/lJa8WGWbb7Plm8/XJYV7IJHZZw==

which@^1.1.1:
  version "1.3.1"
  resolved "https://registry.npmjs.org/which/-/which-1.3.1.tgz"
  integrity sha512-HxJdYWq1MTIQbJ3nw0cqssHoTNU267KlrDuGZ1WYlxDStUtKUhOaJmh112/TZmHxxUfuJqPXSOm7tDyas0OSIQ==
  dependencies:
    isexe "^2.0.0"
